# This file was autogenerated by Stack.
# You should not edit this file by hand.
# For more information, please see the documentation at:
#   https://docs.haskellstack.org/en/stable/lock_files

packages:
- completed:
    hackage: servant-flatten-0.2@sha256:276896f7c5cdec5b8f8493f6205fded0cc602d050b58fdb09a6d7c85c3bb0837,1234
    pantry-tree:
      sha256: 04f12c7bef2c3f9a25d94eb9489752ed498db8e243069fe95838dbb51df1dcb3
      size: 325
  original:
    hackage: servant-flatten-0.2@sha256:276896f7c5cdec5b8f8493f6205fded0cc602d050b58fdb09a6d7c85c3bb0837,1234
- completed:
    name: minithesis
    pantry-tree:
      sha256: b4789e933bc113696635d4e4298d49f5aa5e63072789bb9c2f87b4786e2c1d77
      size: 1690
    sha256: 5fd8633b67556a0e7ffff9c6ccddcfc6717497cc345e689af8f6ad759e462c86
    size: 37456
    url: https://github.com/lambdamechanic/minithesis-hs/archive/4045524d7efdbbbb0f9dc0b22393486a908453ad.tar.gz
    version: 0.1.0.0
  original:
    url: https://github.com/lambdamechanic/minithesis-hs/archive/4045524d7efdbbbb0f9dc0b22393486a908453ad.tar.gz
snapshots:
- completed:
    sha256: 95817c7fe8ae8ca6e8f4ecfd3e876b3edc4e5fbba9f8d8f757e87b484f9bfe6b
    size: 726101
    url: https://raw.githubusercontent.com/commercialhaskell/stackage-snapshots/master/lts/24/13.yaml
  original: lts-24.13
