# This file was autogenerated by Stack.
# You should not edit this file by hand.
# For more information, please see the documentation at:
#   https://docs.haskellstack.org/en/stable/lock_files

packages:
- completed:
    hackage: servant-flatten-0.2@sha256:276896f7c5cdec5b8f8493f6205fded0cc602d050b58fdb09a6d7c85c3bb0837,1234
    pantry-tree:
      size: 325
      sha256: 04f12c7bef2c3f9a25d94eb9489752ed498db8e243069fe95838dbb51df1dcb3
  original:
    hackage: servant-flatten-0.2@sha256:276896f7c5cdec5b8f8493f6205fded0cc602d050b58fdb09a6d7c85c3bb0837,1234
- completed:
    hackage: vinyl-0.13.0@sha256:0f247cd3f8682b30881a07de18e6fec52d540646fbcb328420049cc8d63cd407,3724
    pantry-tree:
      size: 1857
      sha256: 860fb95820b595161cdbdec5f376100ebae2d14e5ef0dbe311546202f7525d01
  original:
    hackage: vinyl-0.13.0
- completed:
    hackage: dependent-sum-0.7.1.0@sha256:5599aa89637db434431b1dd3fa7c34bc3d565ee44f0519bfbc877be1927c2531,2068
    pantry-tree:
      size: 290
      sha256: 9cbfb32b5a8a782b7a1c941803fd517633cb699159b851c1d82267a9e9391b50
  original:
    hackage: dependent-sum-0.7.1.0
- completed:
    hackage: constraints-extras-0.3.0.2@sha256:013b8d0392582c6ca068e226718a4fe8be8e22321cc0634f6115505bf377ad26,1853
    pantry-tree:
      size: 594
      sha256: 3ce1012bfb02e4d7def9df19ce80b8cd2b472c691b25b181d9960638673fecd1
  original:
    hackage: constraints-extras-0.3.0.2
- completed:
    hackage: dependent-map-0.4.0.0@sha256:ca2b131046f4340a1c35d138c5a003fe4a5be96b14efc26291ed35fd08c62221,1657
    pantry-tree:
      size: 551
      sha256: 5defa30010904d2ad05a036f3eaf83793506717c93cbeb599f40db1a3632cfc5
  original:
    hackage: dependent-map-0.4.0.0
- completed:
    hackage: servant-0.16.2@sha256:6c5d19d09a9dd2f2b2bf99193f944491f8374802678b79ec729e3f3ae51e216d,5867
    pantry-tree:
      size: 2604
      sha256: bee4504840cf4836326e85f1cf02584bf898188b64d976dac6c6c6793d926794
  original:
    hackage: servant-0.16.2
- completed:
    hackage: servant-client-0.16.0.1@sha256:f970ad4e927530b77f52b99a175c85cfdcd1ef988083d56a1f68c6a3dafe8d51,4376
    pantry-tree:
      size: 804
      sha256: 3690a9c4dbdf8a502648c8c29029b1a0c78e53fd84db90ed388f7abbf5518c25
  original:
    hackage: servant-client-0.16.0.1
- completed:
    hackage: servant-client-core-0.16@sha256:34e28b8d59b0b61fb3c97fb61043583538016898604a67bfa3bb35f02d8e4d9c,3545
    pantry-tree:
      size: 1365
      sha256: d1a8c41b18e9648af8f1221c7747246ecde2a2ce2bae697c3c986f02a0caf857
  original:
    hackage: servant-client-core-0.16
- completed:
    hackage: servant-server-0.16.2@sha256:f6b36df7c4f1688ff9d48d272e6cfc5f001b3221d2a732e73faf44e8b9e1ea04,5798
    pantry-tree:
      size: 2517
      sha256: 12330638c1b455050d19ad0797b35893efbb5cd233789581eae93cc8983a84c3
  original:
    hackage: servant-server-0.16.2
snapshots:
- completed:
    size: 532380
    url: https://raw.githubusercontent.com/commercialhaskell/stackage-snapshots/master/lts/16/16.yaml
    sha256: d6b004b095fe2a0b8b14fbc30014ee97e58843b9c9362ddb9244273dda62649e
  original: lts-16.16
